
Microsoft Visual Studio Solution File, Format Version 12.00
# Visual Studio 2012
Project("{FAE04EC0-301F-11D3-BF4B-00C04F79EFBC}") = "FilmTrove", "FilmTrove\FilmTrove.csproj", "{EFFF28DE-50A9-4FDD-B8D5-4CC774C03265}"
EndProject
Project("{FAE04EC0-301F-11D3-BF4B-00C04F79EFBC}") = "FlixSharp", "flixsharp\FlixSharp.csproj", "{5EA24C3B-34F7-484E-BAC9-23FDB8B3BE5B}"
EndProject
Global
	GlobalSection(SolutionConfigurationPlatforms) = preSolution
		Debug|Any CPU = Debug|Any CPU
		Release|Any CPU = Release|Any CPU
	EndGlobalSection
	GlobalSection(ProjectConfigurationPlatforms) = postSolution
		{EFFF28DE-50A9-4FDD-B8D5-4CC774C03265}.Debug|Any CPU.ActiveCfg = Debug|Any CPU
		{EFFF28DE-50A9-4FDD-B8D5-4CC774C03265}.Debug|Any CPU.Build.0 = Debug|Any CPU
		{EFFF28DE-50A9-4FDD-B8D5-4CC774C03265}.Release|Any CPU.ActiveCfg = Release|Any CPU
		{EFFF28DE-50A9-4FDD-B8D5-4CC774C03265}.Release|Any CPU.Build.0 = Release|Any CPU
		{5EA24C3B-34F7-484E-BAC9-23FDB8B3BE5B}.Debug|Any CPU.ActiveCfg = Debug|Any CPU
		{5EA24C3B-34F7-484E-BAC9-23FDB8B3BE5B}.Debug|Any CPU.Build.0 = Debug|Any CPU
		{5EA24C3B-34F7-484E-BAC9-23FDB8B3BE5B}.Release|Any CPU.ActiveCfg = Release|Any CPU
		{5EA24C3B-34F7-484E-BAC9-23FDB8B3BE5B}.Release|Any CPU.Build.0 = Release|Any CPU
	EndGlobalSection
	GlobalSection(SolutionProperties) = preSolution
		HideSolutionNode = FALSE
	EndGlobalSection
EndGlobal
